// !$*UTF8*$!
{
	archiveVersion = 1;
	classes = {
	};
	objectVersion = 55;
	objects = {

/* Begin PBXBuildFile section */
		5F28134C2864C1CF00EF5A7F /* AppDelegate.swift in Sources */ = {isa = PBXBuildFile; fileRef = 5F28134B2864C1CF00EF5A7F /* AppDelegate.swift */; };
		5F28134E2864C1CF00EF5A7F /* SceneDelegate.swift in Sources */ = {isa = PBXBuildFile; fileRef = 5F28134D2864C1CF00EF5A7F /* SceneDelegate.swift */; };
		5F2813502864C1CF00EF5A7F /* GlassSlipperViewController.swift in Sources */ = {isa = PBXBuildFile; fileRef = 5F28134F2864C1CF00EF5A7F /* GlassSlipperViewController.swift */; };
		5F2813532864C1CF00EF5A7F /* Main.storyboard in Resources */ = {isa = PBXBuildFile; fileRef = 5F2813512864C1CF00EF5A7F /* Main.storyboard */; };
		5F2813562864C1CF00EF5A7F /* GlassSlipper_storyboard_.xcdatamodeld in Sources */ = {isa = PBXBuildFile; fileRef = 5F2813542864C1CF00EF5A7F /* GlassSlipper_storyboard_.xcdatamodeld */; };
		5F2813582864C1D200EF5A7F /* Assets.xcassets in Resources */ = {isa = PBXBuildFile; fileRef = 5F2813572864C1D200EF5A7F /* Assets.xcassets */; };
		5F28135B2864C1D200EF5A7F /* LaunchScreen.storyboard in Resources */ = {isa = PBXBuildFile; fileRef = 5F2813592864C1D200EF5A7F /* LaunchScreen.storyboard */; };
		5F62655C2865ABEF00D23B24 /* Item.swift in Sources */ = {isa = PBXBuildFile; fileRef = 5F62655B2865ABEF00D23B24 /* Item.swift */; };
/* End PBXBuildFile section */

/* Begin PBXFileReference section */
		5F2813482864C1CF00EF5A7F /* GlassSlipper(storyboard).app */ = {isa = PBXFileReference; explicitFileType = wrapper.application; includeInIndex = 0; path = "GlassSlipper(storyboard).app"; sourceTree = BUILT_PRODUCTS_DIR; };
		5F28134B2864C1CF00EF5A7F /* AppDelegate.swift */ = {isa = PBXFileReference; lastKnownFileType = sourcecode.swift; path = AppDelegate.swift; sourceTree = "<group>"; };
		5F28134D2864C1CF00EF5A7F /* SceneDelegate.swift */ = {isa = PBXFileReference; lastKnownFileType = sourcecode.swift; path = SceneDelegate.swift; sourceTree = "<group>"; };
		5F28134F2864C1CF00EF5A7F /* GlassSlipperViewController.swift */ = {isa = PBXFileReference; lastKnownFileType = sourcecode.swift; path = GlassSlipperViewController.swift; sourceTree = "<group>"; };
		5F2813522864C1CF00EF5A7F /* Base */ = {isa = PBXFileReference; lastKnownFileType = file.storyboard; name = Base; path = Base.lproj/Main.storyboard; sourceTree = "<group>"; };
		5F2813552864C1CF00EF5A7F /* GlassSlipper_storyboard_.xcdatamodel */ = {isa = PBXFileReference; lastKnownFileType = wrapper.xcdatamodel; path = GlassSlipper_storyboard_.xcdatamodel; sourceTree = "<group>"; };
		5F2813572864C1D200EF5A7F /* Assets.xcassets */ = {isa = PBXFileReference; lastKnownFileType = folder.assetcatalog; path = Assets.xcassets; sourceTree = "<group>"; };
		5F28135A2864C1D200EF5A7F /* Base */ = {isa = PBXFileReference; lastKnownFileType = file.storyboard; name = Base; path = Base.lproj/LaunchScreen.storyboard; sourceTree = "<group>"; };
		5F28135C2864C1D200EF5A7F /* Info.plist */ = {isa = PBXFileReference; lastKnownFileType = text.plist.xml; path = Info.plist; sourceTree = "<group>"; };
		5F62655B2865ABEF00D23B24 /* Item.swift */ = {isa = PBXFileReference; lastKnownFileType = sourcecode.swift; path = Item.swift; sourceTree = "<group>"; };
/* End PBXFileReference section */

/* Begin PBXFrameworksBuildPhase section */
		5F2813452864C1CF00EF5A7F /* Frameworks */ = {
			isa = PBXFrameworksBuildPhase;
			buildActionMask = 2147483647;
			files = (
			);
			runOnlyForDeploymentPostprocessing = 0;
		};
/* End PBXFrameworksBuildPhase section */

/* Begin PBXGroup section */
		5F28133F2864C1CF00EF5A7F = {
			isa = PBXGroup;
			children = (
				5F28134A2864C1CF00EF5A7F /* GlassSlipper(storyboard) */,
				5F2813492864C1CF00EF5A7F /* Products */,
			);
			sourceTree = "<group>";
		};
		5F2813492864C1CF00EF5A7F /* Products */ = {
			isa = PBXGroup;
			children = (
				5F2813482864C1CF00EF5A7F /* GlassSlipper(storyboard).app */,
			);
			name = Products;
			sourceTree = "<group>";
		};
		5F28134A2864C1CF00EF5A7F /* GlassSlipper(storyboard) */ = {
			isa = PBXGroup;
			children = (
				5F28134B2864C1CF00EF5A7F /* AppDelegate.swift */,
				5F28134D2864C1CF00EF5A7F /* SceneDelegate.swift */,
				5F62655F2865AC1B00D23B24 /* Controllers */,
				5F62655D2865ABFB00D23B24 /* Data Model */,
				5F62655E2865AC1300D23B24 /* Views */,
				5F6265602865AC3800D23B24 /* Supporting Files */,
				5F28135C2864C1D200EF5A7F /* Info.plist */,
				5F2813542864C1CF00EF5A7F /* GlassSlipper_storyboard_.xcdatamodeld */,
			);
			path = "GlassSlipper(storyboard)";
			sourceTree = "<group>";
		};
		5F62655D2865ABFB00D23B24 /* Data Model */ = {
			isa = PBXGroup;
			children = (
				5F62655B2865ABEF00D23B24 /* Item.swift */,
			);
			path = "Data Model";
			sourceTree = "<group>";
		};
		5F62655E2865AC1300D23B24 /* Views */ = {
			isa = PBXGroup;
			children = (
				5F2813512864C1CF00EF5A7F /* Main.storyboard */,
			);
			path = Views;
			sourceTree = "<group>";
		};
		5F62655F2865AC1B00D23B24 /* Controllers */ = {
			isa = PBXGroup;
			children = (
				5F28134F2864C1CF00EF5A7F /* GlassSlipperViewController.swift */,
			);
			path = Controllers;
			sourceTree = "<group>";
		};
		5F6265602865AC3800D23B24 /* Supporting Files */ = {
			isa = PBXGroup;
			children = (
				5F2813572864C1D200EF5A7F /* Assets.xcassets */,
				5F2813592864C1D200EF5A7F /* LaunchScreen.storyboard */,
			);
			path = "Supporting Files";
			sourceTree = "<group>";
		};
/* End PBXGroup section */

/* Begin PBXNativeTarget section */
		5F2813472864C1CF00EF5A7F /* GlassSlipper(storyboard) */ = {
			isa = PBXNativeTarget;
			buildConfigurationList = 5F28135F2864C1D200EF5A7F /* Build configuration list for PBXNativeTarget "GlassSlipper(storyboard)" */;
			buildPhases = (
				5F2813442864C1CF00EF5A7F /* Sources */,
				5F2813452864C1CF00EF5A7F /* Frameworks */,
				5F2813462864C1CF00EF5A7F /* Resources */,
			);
			buildRules = (
			);
			dependencies = (
			);
			name = "GlassSlipper(storyboard)";
			productName = "GlassSlipper(storyboard)";
			productReference = 5F2813482864C1CF00EF5A7F /* GlassSlipper(storyboard).app */;
			productType = "com.apple.product-type.application";
		};
/* End PBXNativeTarget section */

/* Begin PBXProject section */
		5F2813402864C1CF00EF5A7F /* Project object */ = {
			isa = PBXProject;
			attributes = {
				BuildIndependentTargetsInParallel = 1;
				LastSwiftUpdateCheck = 1340;
				LastUpgradeCheck = 1340;
				TargetAttributes = {
					5F2813472864C1CF00EF5A7F = {
						CreatedOnToolsVersion = 13.4.1;
					};
				};
			};
			buildConfigurationList = 5F2813432864C1CF00EF5A7F /* Build configuration list for PBXProject "GlassSlipper(storyboard)" */;
			compatibilityVersion = "Xcode 13.0";
			developmentRegion = en;
			hasScannedForEncodings = 0;
			knownRegions = (
				en,
				Base,
			);
			mainGroup = 5F28133F2864C1CF00EF5A7F;
			productRefGroup = 5F2813492864C1CF00EF5A7F /* Products */;
			projectDirPath = "";
			projectRoot = "";
			targets = (
				5F2813472864C1CF00EF5A7F /* GlassSlipper(storyboard) */,
			);
		};
/* End PBXProject section */

/* Begin PBXResourcesBuildPhase section */
		5F2813462864C1CF00EF5A7F /* Resources */ = {
			isa = PBXResourcesBuildPhase;
			buildActionMask = 2147483647;
			files = (
				5F28135B2864C1D200EF5A7F /* LaunchScreen.storyboard in Resources */,
				5F2813582864C1D200EF5A7F /* Assets.xcassets in Resources */,
				5F2813532864C1CF00EF5A7F /* Main.storyboard in Resources */,
			);
			runOnlyForDeploymentPostprocessing = 0;
		};
/* End PBXResourcesBuildPhase section */

/* Begin PBXSourcesBuildPhase section */
		5F2813442864C1CF00EF5A7F /* Sources */ = {
			isa = PBXSourcesBuildPhase;
			buildActionMask = 2147483647;
			files = (
				5F62655C2865ABEF00D23B24 /* Item.swift in Sources */,
				5F2813502864C1CF00EF5A7F /* GlassSlipperViewController.swift in Sources */,
				5F2813562864C1CF00EF5A7F /* GlassSlipper_storyboard_.xcdatamodeld in Sources */,
				5F28134C2864C1CF00EF5A7F /* AppDelegate.swift in Sources */,
				5F28134E2864C1CF00EF5A7F /* SceneDelegate.swift in Sources */,
			);
			runOnlyForDeploymentPostprocessing = 0;
		};
/* End PBXSourcesBuildPhase section */

/* Begin PBXVariantGroup section */
		5F2813512864C1CF00EF5A7F /* Main.storyboard */ = {
			isa = PBXVariantGroup;
			children = (
				5F2813522864C1CF00EF5A7F /* Base */,
			);
			name = Main.storyboard;
			sourceTree = "<group>";
		};
		5F2813592864C1D200EF5A7F /* LaunchScreen.storyboard */ = {
			isa = PBXVariantGroup;
			children = (
				5F28135A2864C1D200EF5A7F /* Base */,
			);
			name = LaunchScreen.storyboard;
			sourceTree = "<group>";
		};
/* End PBXVariantGroup section */

/* Begin XCBuildConfiguration section */
		5F28135D2864C1D200EF5A7F /* Debug */ = {
			isa = XCBuildConfiguration;
			buildSettings = {
				ALWAYS_SEARCH_USER_PATHS = NO;
				CLANG_ANALYZER_NONNULL = YES;
				CLANG_ANALYZER_NUMBER_OBJECT_CONVERSION = YES_AGGRESSIVE;
				CLANG_CXX_LANGUAGE_STANDARD = "gnu++17";
				CLANG_ENABLE_MODULES = YES;
				CLANG_ENABLE_OBJC_ARC = YES;
				CLANG_ENABLE_OBJC_WEAK = YES;
				CLANG_WARN_BLOCK_CAPTURE_AUTORELEASING = YES;
				CLANG_WARN_BOOL_CONVERSION = YES;
				CLANG_WARN_COMMA = YES;
				CLANG_WARN_CONSTANT_CONVERSION = YES;
				CLANG_WARN_DEPRECATED_OBJC_IMPLEMENTATIONS = YES;
				CLANG_WARN_DIRECT_OBJC_ISA_USAGE = YES_ERROR;
				CLANG_WARN_DOCUMENTATION_COMMENTS = YES;
				CLANG_WARN_EMPTY_BODY = YES;
				CLANG_WARN_ENUM_CONVERSION = YES;
				CLANG_WARN_INFINITE_RECURSION = YES;
				CLANG_WARN_INT_CONVERSION = YES;
				CLANG_WARN_NON_LITERAL_NULL_CONVERSION = YES;
				CLANG_WARN_OBJC_IMPLICIT_RETAIN_SELF = YES;
				CLANG_WARN_OBJC_LITERAL_CONVERSION = YES;
				CLANG_WARN_OBJC_ROOT_CLASS = YES_ERROR;
				CLANG_WARN_QUOTED_INCLUDE_IN_FRAMEWORK_HEADER = YES;
				CLANG_WARN_RANGE_LOOP_ANALYSIS = YES;
				CLANG_WARN_STRICT_PROTOTYPES = YES;
				CLANG_WARN_SUSPICIOUS_MOVE = YES;
				CLANG_WARN_UNGUARDED_AVAILABILITY = YES_AGGRESSIVE;
				CLANG_WARN_UNREACHABLE_CODE = YES;
				CLANG_WARN__DUPLICATE_METHOD_MATCH = YES;
				COPY_PHASE_STRIP = NO;
				DEBUG_INFORMATION_FORMAT = dwarf;
				ENABLE_STRICT_OBJC_MSGSEND = YES;
				ENABLE_TESTABILITY = YES;
				GCC_C_LANGUAGE_STANDARD = gnu11;
				GCC_DYNAMIC_NO_PIC = NO;
				GCC_NO_COMMON_BLOCKS = YES;
				GCC_OPTIMIZATION_LEVEL = 0;
				GCC_PREPROCESSOR_DEFINITIONS = (
					"DEBUG=1",
					"$(inherited)",
				);
				GCC_WARN_64_TO_32_BIT_CONVERSION = YES;
				GCC_WARN_ABOUT_RETURN_TYPE = YES_ERROR;
				GCC_WARN_UNDECLARED_SELECTOR = YES;
				GCC_WARN_UNINITIALIZED_AUTOS = YES_AGGRESSIVE;
				GCC_WARN_UNUSED_FUNCTION = YES;
				GCC_WARN_UNUSED_VARIABLE = YES;
				IPHONEOS_DEPLOYMENT_TARGET = 15.5;
				MTL_ENABLE_DEBUG_INFO = INCLUDE_SOURCE;
				MTL_FAST_MATH = YES;
				ONLY_ACTIVE_ARCH = YES;
				SDKROOT = iphoneos;
				SWIFT_ACTIVE_COMPILATION_CONDITIONS = DEBUG;
				SWIFT_OPTIMIZATION_LEVEL = "-Onone";
			};
			name = Debug;
		};
		5F28135E2864C1D200EF5A7F /* Release */ = {
			isa = XCBuildConfiguration;
			buildSettings = {
				ALWAYS_SEARCH_USER_PATHS = NO;
				CLANG_ANALYZER_NONNULL = YES;
				CLANG_ANALYZER_NUMBER_OBJECT_CONVERSION = YES_AGGRESSIVE;
				CLANG_CXX_LANGUAGE_STANDARD = "gnu++17";
				CLANG_ENABLE_MODULES = YES;
				CLANG_ENABLE_OBJC_ARC = YES;
				CLANG_ENABLE_OBJC_WEAK = YES;
				CLANG_WARN_BLOCK_CAPTURE_AUTORELEASING = YES;
				CLANG_WARN_BOOL_CONVERSION = YES;
				CLANG_WARN_COMMA = YES;
				CLANG_WARN_CONSTANT_CONVERSION = YES;
				CLANG_WARN_DEPRECATED_OBJC_IMPLEMENTATIONS = YES;
				CLANG_WARN_DIRECT_OBJC_ISA_USAGE = YES_ERROR;
				CLANG_WARN_DOCUMENTATION_COMMENTS = YES;
				CLANG_WARN_EMPTY_BODY = YES;
				CLANG_WARN_ENUM_CONVERSION = YES;
				CLANG_WARN_INFINITE_RECURSION = YES;
				CLANG_WARN_INT_CONVERSION = YES;
				CLANG_WARN_NON_LITERAL_NULL_CONVERSION = YES;
				CLANG_WARN_OBJC_IMPLICIT_RETAIN_SELF = YES;
				CLANG_WARN_OBJC_LITERAL_CONVERSION = YES;
				CLANG_WARN_OBJC_ROOT_CLASS = YES_ERROR;
				CLANG_WARN_QUOTED_INCLUDE_IN_FRAMEWORK_HEADER = YES;
				CLANG_WARN_RANGE_LOOP_ANALYSIS = YES;
				CLANG_WARN_STRICT_PROTOTYPES = YES;
				CLANG_WARN_SUSPICIOUS_MOVE = YES;
				CLANG_WARN_UNGUARDED_AVAILABILITY = YES_AGGRESSIVE;
				CLANG_WARN_UNREACHABLE_CODE = YES;
				CLANG_WARN__DUPLICATE_METHOD_MATCH = YES;
				COPY_PHASE_STRIP = NO;
				DEBUG_INFORMATION_FORMAT = "dwarf-with-dsym";
				ENABLE_NS_ASSERTIONS = NO;
				ENABLE_STRICT_OBJC_MSGSEND = YES;
				GCC_C_LANGUAGE_STANDARD = gnu11;
				GCC_NO_COMMON_BLOCKS = YES;
				GCC_WARN_64_TO_32_BIT_CONVERSION = YES;
				GCC_WARN_ABOUT_RETURN_TYPE = YES_ERROR;
				GCC_WARN_UNDECLARED_SELECTOR = YES;
				GCC_WARN_UNINITIALIZED_AUTOS = YES_AGGRESSIVE;
				GCC_WARN_UNUSED_FUNCTION = YES;
				GCC_WARN_UNUSED_VARIABLE = YES;
				IPHONEOS_DEPLOYMENT_TARGET = 15.5;
				MTL_ENABLE_DEBUG_INFO = NO;
				MTL_FAST_MATH = YES;
				SDKROOT = iphoneos;
				SWIFT_COMPILATION_MODE = wholemodule;
				SWIFT_OPTIMIZATION_LEVEL = "-O";
				VALIDATE_PRODUCT = YES;
			};
			name = Release;
		};
		5F2813602864C1D200EF5A7F /* Debug */ = {
			isa = XCBuildConfiguration;
			buildSettings = {
				ASSETCATALOG_COMPILER_APPICON_NAME = AppIcon;
				ASSETCATALOG_COMPILER_GLOBAL_ACCENT_COLOR_NAME = AccentColor;
				CODE_SIGN_STYLE = Automatic;
				CURRENT_PROJECT_VERSION = 1;
				DEVELOPMENT_TEAM = B4BTF394JA;
				GENERATE_INFOPLIST_FILE = YES;
				INFOPLIST_FILE = "GlassSlipper(storyboard)/Info.plist";
				INFOPLIST_KEY_UIApplicationSupportsIndirectInputEvents = YES;
				INFOPLIST_KEY_UILaunchStoryboardName = LaunchScreen;
				INFOPLIST_KEY_UIMainStoryboardFile = Main;
				INFOPLIST_KEY_UISupportedInterfaceOrientations_iPad = "UIInterfaceOrientationPortrait UIInterfaceOrientationPortraitUpsideDown UIInterfaceOrientationLandscapeLeft UIInterfaceOrientationLandscapeRight";
				INFOPLIST_KEY_UISupportedInterfaceOrientations_iPhone = "UIInterfaceOrientationPortrait UIInterfaceOrientationLandscapeLeft UIInterfaceOrientationLandscapeRight";
				LD_RUNPATH_SEARCH_PATHS = (
					"$(inherited)",
					"@executable_path/Frameworks",
				);
				MARKETING_VERSION = 1.0;
				PRODUCT_BUNDLE_IDENTIFIER = "com.torinunna.GlassSlipper-storyboard-";
				PRODUCT_NAME = "$(TARGET_NAME)";
				SWIFT_EMIT_LOC_STRINGS = YES;
				SWIFT_VERSION = 5.0;
				TARGETED_DEVICE_FAMILY = "1,2";
			};
			name = Debug;
		};
		5F2813612864C1D200EF5A7F /* Release */ = {
			isa = XCBuildConfiguration;
			buildSettings = {
				ASSETCATALOG_COMPILER_APPICON_NAME = AppIcon;
				ASSETCATALOG_COMPILER_GLOBAL_ACCENT_COLOR_NAME = AccentColor;
				CODE_SIGN_STYLE = Automatic;
				CURRENT_PROJECT_VERSION = 1;
				DEVELOPMENT_TEAM = B4BTF394JA;
				GENERATE_INFOPLIST_FILE = YES;
				INFOPLIST_FILE = "GlassSlipper(storyboard)/Info.plist";
				INFOPLIST_KEY_UIApplicationSupportsIndirectInputEvents = YES;
				INFOPLIST_KEY_UILaunchStoryboardName = LaunchScreen;
				INFOPLIST_KEY_UIMainStoryboardFile = Main;
				INFOPLIST_KEY_UISupportedInterfaceOrientations_iPad = "UIInterfaceOrientationPortrait UIInterfaceOrientationPortraitUpsideDown UIInterfaceOrientationLandscapeLeft UIInterfaceOrientationLandscapeRight";
				INFOPLIST_KEY_UISupportedInterfaceOrientations_iPhone = "UIInterfaceOrientationPortrait UIInterfaceOrientationLandscapeLeft UIInterfaceOrientationLandscapeRight";
				LD_RUNPATH_SEARCH_PATHS = (
					"$(inherited)",
					"@executable_path/Frameworks",
				);
				MARKETING_VERSION = 1.0;
				PRODUCT_BUNDLE_IDENTIFIER = "com.torinunna.GlassSlipper-storyboard-";
				PRODUCT_NAME = "$(TARGET_NAME)";
				SWIFT_EMIT_LOC_STRINGS = YES;
				SWIFT_VERSION = 5.0;
				TARGETED_DEVICE_FAMILY = "1,2";
			};
			name = Release;
		};
/* End XCBuildConfiguration section */

/* Begin XCConfigurationList section */
		5F2813432864C1CF00EF5A7F /* Build configuration list for PBXProject "GlassSlipper(storyboard)" */ = {
			isa = XCConfigurationList;
			buildConfigurations = (
				5F28135D2864C1D200EF5A7F /* Debug */,
				5F28135E2864C1D200EF5A7F /* Release */,
			);
			defaultConfigurationIsVisible = 0;
			defaultConfigurationName = Release;
		};
		5F28135F2864C1D200EF5A7F /* Build configuration list for PBXNativeTarget "GlassSlipper(storyboard)" */ = {
			isa = XCConfigurationList;
			buildConfigurations = (
				5F2813602864C1D200EF5A7F /* Debug */,
				5F2813612864C1D200EF5A7F /* Release */,
			);
			defaultConfigurationIsVisible = 0;
			defaultConfigurationName = Release;
		};
/* End XCConfigurationList section */

/* Begin XCVersionGroup section */
		5F2813542864C1CF00EF5A7F /* GlassSlipper_storyboard_.xcdatamodeld */ = {
			isa = XCVersionGroup;
			children = (
				5F2813552864C1CF00EF5A7F /* GlassSlipper_storyboard_.xcdatamodel */,
			);
			currentVersion = 5F2813552864C1CF00EF5A7F /* GlassSlipper_storyboard_.xcdatamodel */;
			path = GlassSlipper_storyboard_.xcdatamodeld;
			sourceTree = "<group>";
			versionGroupType = wrapper.xcdatamodel;
		};
/* End XCVersionGroup section */
	};
	rootObject = 5F2813402864C1CF00EF5A7F /* Project object */;
}
